
Microsoft Visual Studio Solution File, Format Version 12.00
# Visual Studio Version 17
VisualStudioVersion = 17.11.35222.181
MinimumVisualStudioVersion = 10.0.40219.1
Project("{8BC9CEB8-8B4A-11D0-8D11-00A0C91BC942}") = "PR05.0(1)", "PR05.0(1).vcxproj", "{DEEF9F94-87B5-424C-842E-7D46C4540110}"
EndProject
Global
	GlobalSection(SolutionConfigurationPlatforms) = preSolution
		Debug|x64 = Debug|x64
		Debug|x86 = Debug|x86
		Release|x64 = Release|x64
		Release|x86 = Release|x86
	EndGlobalSection
	GlobalSection(ProjectConfigurationPlatforms) = postSolution
		{DEEF9F94-87B5-424C-842E-7D46C4540110}.Debug|x64.ActiveCfg = Debug|x64
		{DEEF9F94-87B5-424C-842E-7D46C4540110}.Debug|x64.Build.0 = Debug|x64
		{DEEF9F94-87B5-424C-842E-7D46C4540110}.Debug|x86.ActiveCfg = Debug|Win32
		{DEEF9F94-87B5-424C-842E-7D46C4540110}.Debug|x86.Build.0 = Debug|Win32
		{DEEF9F94-87B5-424C-842E-7D46C4540110}.Release|x64.ActiveCfg = Release|x64
		{DEEF9F94-87B5-424C-842E-7D46C4540110}.Release|x64.Build.0 = Release|x64
		{DEEF9F94-87B5-424C-842E-7D46C4540110}.Release|x86.ActiveCfg = Release|Win32
		{DEEF9F94-87B5-424C-842E-7D46C4540110}.Release|x86.Build.0 = Release|Win32
	EndGlobalSection
	GlobalSection(SolutionProperties) = preSolution
		HideSolutionNode = FALSE
	EndGlobalSection
	GlobalSection(ExtensibilityGlobals) = postSolution
		SolutionGuid = {7BE84444-B32B-4576-A8AC-346C184CECEC}
	EndGlobalSection
EndGlobal
